{
  "pins" : [
    {
      "identity" : "uionboarding",
      "kind" : "remoteSourceControl",
      "location" : "https://github.com/soufgameyt/UIOnboarding.git",
      "state" : {
        "branch" : "main",
        "revision" : "efd1e944c399de24c10d9f4947301e1c105dbb9b"
      }
    }
  ],
  "version" : 2
}
